
Microsoft Visual Studio Solution File, Format Version 12.00
# Visual Studio Version 16
VisualStudioVersion = 16.0.31702.278
MinimumVisualStudioVersion = 10.0.40219.1
Project("{FAE04EC0-301F-11D3-BF4B-00C04F79EFBC}") = "Express File Reader", "Express File Reader\Express File Reader.csproj", "{30B1EEAC-D128-412D-AA29-BBF1DF575E8F}"
EndProject
Global
	GlobalSection(SolutionConfigurationPlatforms) = preSolution
		Debug|Any CPU = Debug|Any CPU
		Release|Any CPU = Release|Any CPU
	EndGlobalSection
	GlobalSection(ProjectConfigurationPlatforms) = postSolution
		{30B1EEAC-D128-412D-AA29-BBF1DF575E8F}.Debug|Any CPU.ActiveCfg = Debug|Any CPU
		{30B1EEAC-D128-412D-AA29-BBF1DF575E8F}.Debug|Any CPU.Build.0 = Debug|Any CPU
		{30B1EEAC-D128-412D-AA29-BBF1DF575E8F}.Release|Any CPU.ActiveCfg = Release|Any CPU
		{30B1EEAC-D128-412D-AA29-BBF1DF575E8F}.Release|Any CPU.Build.0 = Release|Any CPU
	EndGlobalSection
	GlobalSection(SolutionProperties) = preSolution
		HideSolutionNode = FALSE
	EndGlobalSection
	GlobalSection(ExtensibilityGlobals) = postSolution
		SolutionGuid = {0373126A-A559-43F3-99C5-AE0A425E51F7}
	EndGlobalSection
EndGlobal
