
Microsoft Visual Studio Solution File, Format Version 12.00
# Visual Studio Version 16
VisualStudioVersion = 16.0.31702.278
MinimumVisualStudioVersion = 10.0.40219.1
Project("{9A19103F-16F7-4668-BE54-9A1E7A4F7556}") = "Express File Reader", "Express File Reader\Express File Reader.csproj", "{30B1EEAC-D128-412D-AA29-BBF1DF575E8F}"
EndProject
Project("{9A19103F-16F7-4668-BE54-9A1E7A4F7556}") = "IFC File Reader", "IFC File Reader\IFC File Reader.csproj", "{08EE7C5B-B80B-49F9-923C-AA98E6B9C9FA}"
EndProject
Project("{9A19103F-16F7-4668-BE54-9A1E7A4F7556}") = "IFCProjectTest", "IFCProjectTest\IFCProjectTest.csproj", "{5AE47B83-7013-42B9-9BBC-4CBAF7C69D7E}"
EndProject
Project("{9A19103F-16F7-4668-BE54-9A1E7A4F7556}") = "IFC Geometry", "IFC Geometry\IFC Geometry.csproj", "{B271FFE8-A6AF-437D-ACFB-830FA597B4FF}"
EndProject
Project("{9A19103F-16F7-4668-BE54-9A1E7A4F7556}") = "ThreeDMaker", "ThreeDMaker\ThreeDMaker.csproj", "{2FA820A9-0221-459F-834B-6295D2712AB9}"
EndProject
Project("{FAE04EC0-301F-11D3-BF4B-00C04F79EFBC}") = "IFC Viewer", "IFC Viewer\IFC Viewer.csproj", "{7E4B92C8-9287-466D-98B6-46F2B5BCF488}"
EndProject
Global
	GlobalSection(SolutionConfigurationPlatforms) = preSolution
		Debug|Any CPU = Debug|Any CPU
		Release|Any CPU = Release|Any CPU
	EndGlobalSection
	GlobalSection(ProjectConfigurationPlatforms) = postSolution
		{30B1EEAC-D128-412D-AA29-BBF1DF575E8F}.Debug|Any CPU.ActiveCfg = Debug|Any CPU
		{30B1EEAC-D128-412D-AA29-BBF1DF575E8F}.Debug|Any CPU.Build.0 = Debug|Any CPU
		{30B1EEAC-D128-412D-AA29-BBF1DF575E8F}.Release|Any CPU.ActiveCfg = Release|Any CPU
		{30B1EEAC-D128-412D-AA29-BBF1DF575E8F}.Release|Any CPU.Build.0 = Release|Any CPU
		{08EE7C5B-B80B-49F9-923C-AA98E6B9C9FA}.Debug|Any CPU.ActiveCfg = Debug|Any CPU
		{08EE7C5B-B80B-49F9-923C-AA98E6B9C9FA}.Debug|Any CPU.Build.0 = Debug|Any CPU
		{08EE7C5B-B80B-49F9-923C-AA98E6B9C9FA}.Release|Any CPU.ActiveCfg = Release|Any CPU
		{08EE7C5B-B80B-49F9-923C-AA98E6B9C9FA}.Release|Any CPU.Build.0 = Release|Any CPU
		{5AE47B83-7013-42B9-9BBC-4CBAF7C69D7E}.Debug|Any CPU.ActiveCfg = Debug|Any CPU
		{5AE47B83-7013-42B9-9BBC-4CBAF7C69D7E}.Debug|Any CPU.Build.0 = Debug|Any CPU
		{5AE47B83-7013-42B9-9BBC-4CBAF7C69D7E}.Release|Any CPU.ActiveCfg = Release|Any CPU
		{5AE47B83-7013-42B9-9BBC-4CBAF7C69D7E}.Release|Any CPU.Build.0 = Release|Any CPU
		{B271FFE8-A6AF-437D-ACFB-830FA597B4FF}.Debug|Any CPU.ActiveCfg = Debug|Any CPU
		{B271FFE8-A6AF-437D-ACFB-830FA597B4FF}.Debug|Any CPU.Build.0 = Debug|Any CPU
		{B271FFE8-A6AF-437D-ACFB-830FA597B4FF}.Release|Any CPU.ActiveCfg = Release|Any CPU
		{B271FFE8-A6AF-437D-ACFB-830FA597B4FF}.Release|Any CPU.Build.0 = Release|Any CPU
		{2FA820A9-0221-459F-834B-6295D2712AB9}.Debug|Any CPU.ActiveCfg = Debug|Any CPU
		{2FA820A9-0221-459F-834B-6295D2712AB9}.Debug|Any CPU.Build.0 = Debug|Any CPU
		{2FA820A9-0221-459F-834B-6295D2712AB9}.Release|Any CPU.ActiveCfg = Release|Any CPU
		{2FA820A9-0221-459F-834B-6295D2712AB9}.Release|Any CPU.Build.0 = Release|Any CPU
		{7E4B92C8-9287-466D-98B6-46F2B5BCF488}.Debug|Any CPU.ActiveCfg = Debug|Any CPU
		{7E4B92C8-9287-466D-98B6-46F2B5BCF488}.Debug|Any CPU.Build.0 = Debug|Any CPU
		{7E4B92C8-9287-466D-98B6-46F2B5BCF488}.Release|Any CPU.ActiveCfg = Release|Any CPU
		{7E4B92C8-9287-466D-98B6-46F2B5BCF488}.Release|Any CPU.Build.0 = Release|Any CPU
	EndGlobalSection
	GlobalSection(SolutionProperties) = preSolution
		HideSolutionNode = FALSE
	EndGlobalSection
	GlobalSection(ExtensibilityGlobals) = postSolution
		SolutionGuid = {0373126A-A559-43F3-99C5-AE0A425E51F7}
	EndGlobalSection
EndGlobal
